
Microsoft Visual Studio Solution File, Format Version 12.00
# Visual Studio Version 17
VisualStudioVersion = 17.6.33723.286
MinimumVisualStudioVersion = 10.0.40219.1
Project("{2150E333-8FDC-42A3-9474-1A3956D46DE8}") = "src", "src", "{74C99D5B-94D6-4F3B-B53D-507D865871D2}"
EndProject
Project("{2150E333-8FDC-42A3-9474-1A3956D46DE8}") = "test", "test", "{D34F31E7-FCED-446A-A00E-F715955D3FC2}"
EndProject
Project("{9A19103F-16F7-4668-BE54-9A1E7A4F7556}") = "Console", "src\Console\Console.csproj", "{39DA74A1-7006-450F-A716-A822F192E3E8}"
EndProject
Project("{FAE04EC0-301F-11D3-BF4B-00C04F79EFBC}") = "QuizGame.Models", "src\QuizGame.Models\QuizGame.Models.csproj", "{265F6469-A7EC-47B7-A7BC-19D85C1F6477}"
EndProject
Global
	GlobalSection(SolutionConfigurationPlatforms) = preSolution
		Debug|Any CPU = Debug|Any CPU
		Release|Any CPU = Release|Any CPU
	EndGlobalSection
	GlobalSection(ProjectConfigurationPlatforms) = postSolution
		{39DA74A1-7006-450F-A716-A822F192E3E8}.Debug|Any CPU.ActiveCfg = Debug|Any CPU
		{39DA74A1-7006-450F-A716-A822F192E3E8}.Debug|Any CPU.Build.0 = Debug|Any CPU
		{39DA74A1-7006-450F-A716-A822F192E3E8}.Release|Any CPU.ActiveCfg = Release|Any CPU
		{39DA74A1-7006-450F-A716-A822F192E3E8}.Release|Any CPU.Build.0 = Release|Any CPU
		{265F6469-A7EC-47B7-A7BC-19D85C1F6477}.Debug|Any CPU.ActiveCfg = Debug|Any CPU
		{265F6469-A7EC-47B7-A7BC-19D85C1F6477}.Debug|Any CPU.Build.0 = Debug|Any CPU
		{265F6469-A7EC-47B7-A7BC-19D85C1F6477}.Release|Any CPU.ActiveCfg = Release|Any CPU
		{265F6469-A7EC-47B7-A7BC-19D85C1F6477}.Release|Any CPU.Build.0 = Release|Any CPU
	EndGlobalSection
	GlobalSection(SolutionProperties) = preSolution
		HideSolutionNode = FALSE
	EndGlobalSection
	GlobalSection(NestedProjects) = preSolution
		{39DA74A1-7006-450F-A716-A822F192E3E8} = {74C99D5B-94D6-4F3B-B53D-507D865871D2}
		{265F6469-A7EC-47B7-A7BC-19D85C1F6477} = {74C99D5B-94D6-4F3B-B53D-507D865871D2}
	EndGlobalSection
	GlobalSection(ExtensibilityGlobals) = postSolution
		SolutionGuid = {2EE10412-D757-4290-99E8-0C513D12A9B5}
	EndGlobalSection
EndGlobal
